// !$*UTF8*$!
{
	archiveVersion = 1;
	classes = {
	};
	objectVersion = 56;
	objects = {

/* Begin PBXBuildFile section */
		A4AC8B0E2B75F0890088E513 /* DietView.swift in Sources */ = {isa = PBXBuildFile; fileRef = A4AC8B0D2B75F0890088E513 /* DietView.swift */; };
		A4AC8B102B75F1270088E513 /* DietDex.swift in Sources */ = {isa = PBXBuildFile; fileRef = A4AC8B0F2B75F1270088E513 /* DietDex.swift */; };
		DD65F6B02B6C5040003562B1 /* ListasListasApp.swift in Sources */ = {isa = PBXBuildFile; fileRef = DD65F6AF2B6C5040003562B1 /* ListasListasApp.swift */; };
		DD65F6B22B6C5040003562B1 /* ContentView.swift in Sources */ = {isa = PBXBuildFile; fileRef = DD65F6B12B6C5040003562B1 /* ContentView.swift */; };
		DD65F6B42B6C5042003562B1 /* Assets.xcassets in Resources */ = {isa = PBXBuildFile; fileRef = DD65F6B32B6C5042003562B1 /* Assets.xcassets */; };
		DD65F6B72B6C5042003562B1 /* Preview Assets.xcassets in Resources */ = {isa = PBXBuildFile; fileRef = DD65F6B62B6C5042003562B1 /* Preview Assets.xcassets */; };
		DD65F6C12B6C5042003562B1 /* ListasListasTests.swift in Sources */ = {isa = PBXBuildFile; fileRef = DD65F6C02B6C5042003562B1 /* ListasListasTests.swift */; };
		DD65F6CB2B6C5042003562B1 /* ListasListasUITests.swift in Sources */ = {isa = PBXBuildFile; fileRef = DD65F6CA2B6C5042003562B1 /* ListasListasUITests.swift */; };
		DD65F6CD2B6C5042003562B1 /* ListasListasUITestsLaunchTests.swift in Sources */ = {isa = PBXBuildFile; fileRef = DD65F6CC2B6C5042003562B1 /* ListasListasUITestsLaunchTests.swift */; };
		DDFE05262B759FF500341B7E /* DexPerros.swift in Sources */ = {isa = PBXBuildFile; fileRef = DDFE05252B759FF500341B7E /* DexPerros.swift */; };
		DDFE05292B75A52A00341B7E /* DetallesPerro.swift in Sources */ = {isa = PBXBuildFile; fileRef = DDFE05282B75A52A00341B7E /* DetallesPerro.swift */; };
/* End PBXBuildFile section */

/* Begin PBXContainerItemProxy section */
		DD65F6BD2B6C5042003562B1 /* PBXContainerItemProxy */ = {
			isa = PBXContainerItemProxy;
			containerPortal = DD65F6A42B6C5040003562B1 /* Project object */;
			proxyType = 1;
			remoteGlobalIDString = DD65F6AB2B6C5040003562B1;
			remoteInfo = ListasListas;
		};
		DD65F6C72B6C5042003562B1 /* PBXContainerItemProxy */ = {
			isa = PBXContainerItemProxy;
			containerPortal = DD65F6A42B6C5040003562B1 /* Project object */;
			proxyType = 1;
			remoteGlobalIDString = DD65F6AB2B6C5040003562B1;
			remoteInfo = ListasListas;
		};
/* End PBXContainerItemProxy section */

/* Begin PBXFileReference section */
		A4AC8B0D2B75F0890088E513 /* DietView.swift */ = {isa = PBXFileReference; lastKnownFileType = sourcecode.swift; path = DietView.swift; sourceTree = "<group>"; };
		A4AC8B0F2B75F1270088E513 /* DietDex.swift */ = {isa = PBXFileReference; lastKnownFileType = sourcecode.swift; path = DietDex.swift; sourceTree = "<group>"; };
		DD65F6AC2B6C5040003562B1 /* ListasListas.app */ = {isa = PBXFileReference; explicitFileType = wrapper.application; includeInIndex = 0; path = ListasListas.app; sourceTree = BUILT_PRODUCTS_DIR; };
		DD65F6AF2B6C5040003562B1 /* ListasListasApp.swift */ = {isa = PBXFileReference; lastKnownFileType = sourcecode.swift; path = ListasListasApp.swift; sourceTree = "<group>"; };
		DD65F6B12B6C5040003562B1 /* ContentView.swift */ = {isa = PBXFileReference; lastKnownFileType = sourcecode.swift; path = ContentView.swift; sourceTree = "<group>"; };
		DD65F6B32B6C5042003562B1 /* Assets.xcassets */ = {isa = PBXFileReference; lastKnownFileType = folder.assetcatalog; path = Assets.xcassets; sourceTree = "<group>"; };
		DD65F6B62B6C5042003562B1 /* Preview Assets.xcassets */ = {isa = PBXFileReference; lastKnownFileType = folder.assetcatalog; path = "Preview Assets.xcassets"; sourceTree = "<group>"; };
		DD65F6BC2B6C5042003562B1 /* ListasListasTests.xctest */ = {isa = PBXFileReference; explicitFileType = wrapper.cfbundle; includeInIndex = 0; path = ListasListasTests.xctest; sourceTree = BUILT_PRODUCTS_DIR; };
		DD65F6C02B6C5042003562B1 /* ListasListasTests.swift */ = {isa = PBXFileReference; lastKnownFileType = sourcecode.swift; path = ListasListasTests.swift; sourceTree = "<group>"; };
		DD65F6C62B6C5042003562B1 /* ListasListasUITests.xctest */ = {isa = PBXFileReference; explicitFileType = wrapper.cfbundle; includeInIndex = 0; path = ListasListasUITests.xctest; sourceTree = BUILT_PRODUCTS_DIR; };
		DD65F6CA2B6C5042003562B1 /* ListasListasUITests.swift */ = {isa = PBXFileReference; lastKnownFileType = sourcecode.swift; path = ListasListasUITests.swift; sourceTree = "<group>"; };
		DD65F6CC2B6C5042003562B1 /* ListasListasUITestsLaunchTests.swift */ = {isa = PBXFileReference; lastKnownFileType = sourcecode.swift; path = ListasListasUITestsLaunchTests.swift; sourceTree = "<group>"; };
		DDFE05252B759FF500341B7E /* DexPerros.swift */ = {isa = PBXFileReference; lastKnownFileType = sourcecode.swift; path = DexPerros.swift; sourceTree = "<group>"; };
		DDFE05282B75A52A00341B7E /* DetallesPerro.swift */ = {isa = PBXFileReference; lastKnownFileType = sourcecode.swift; path = DetallesPerro.swift; sourceTree = "<group>"; };
/* End PBXFileReference section */

/* Begin PBXFrameworksBuildPhase section */
		DD65F6A92B6C5040003562B1 /* Frameworks */ = {
			isa = PBXFrameworksBuildPhase;
			buildActionMask = 2147483647;
			files = (
			);
			runOnlyForDeploymentPostprocessing = 0;
		};
		DD65F6B92B6C5042003562B1 /* Frameworks */ = {
			isa = PBXFrameworksBuildPhase;
			buildActionMask = 2147483647;
			files = (
			);
			runOnlyForDeploymentPostprocessing = 0;
		};
		DD65F6C32B6C5042003562B1 /* Frameworks */ = {
			isa = PBXFrameworksBuildPhase;
			buildActionMask = 2147483647;
			files = (
			);
			runOnlyForDeploymentPostprocessing = 0;
		};
/* End PBXFrameworksBuildPhase section */

/* Begin PBXGroup section */
		A4AC8B0C2B75F05E0088E513 /* Diet */ = {
			isa = PBXGroup;
			children = (
				A4AC8B0D2B75F0890088E513 /* DietView.swift */,
				A4AC8B0F2B75F1270088E513 /* DietDex.swift */,
			);
			path = Diet;
			sourceTree = "<group>";
		};
		DD65F6A32B6C5040003562B1 = {
			isa = PBXGroup;
			children = (
				DD65F6AE2B6C5040003562B1 /* ListasListas */,
				DD65F6BF2B6C5042003562B1 /* ListasListasTests */,
				DD65F6C92B6C5042003562B1 /* ListasListasUITests */,
				DD65F6AD2B6C5040003562B1 /* Products */,
			);
			sourceTree = "<group>";
		};
		DD65F6AD2B6C5040003562B1 /* Products */ = {
			isa = PBXGroup;
			children = (
				DD65F6AC2B6C5040003562B1 /* ListasListas.app */,
				DD65F6BC2B6C5042003562B1 /* ListasListasTests.xctest */,
				DD65F6C62B6C5042003562B1 /* ListasListasUITests.xctest */,
			);
			name = Products;
			sourceTree = "<group>";
		};
		DD65F6AE2B6C5040003562B1 /* ListasListas */ = {
			isa = PBXGroup;
			children = (
				DD65F6AF2B6C5040003562B1 /* ListasListasApp.swift */,
				DD65F6B12B6C5040003562B1 /* ContentView.swift */,
				DDFE05272B759FFC00341B7E /* DexPerros */,
				DD65F6B32B6C5042003562B1 /* Assets.xcassets */,
				A4AC8B0C2B75F05E0088E513 /* Diet */,
				DD65F6B52B6C5042003562B1 /* Preview Content */,
			);
			path = ListasListas;
			sourceTree = "<group>";
		};
		DD65F6B52B6C5042003562B1 /* Preview Content */ = {
			isa = PBXGroup;
			children = (
				DD65F6B62B6C5042003562B1 /* Preview Assets.xcassets */,
			);
			path = "Preview Content";
			sourceTree = "<group>";
		};
		DD65F6BF2B6C5042003562B1 /* ListasListasTests */ = {
			isa = PBXGroup;
			children = (
				DD65F6C02B6C5042003562B1 /* ListasListasTests.swift */,
			);
			path = ListasListasTests;
			sourceTree = "<group>";
		};
		DD65F6C92B6C5042003562B1 /* ListasListasUITests */ = {
			isa = PBXGroup;
			children = (
				DD65F6CA2B6C5042003562B1 /* ListasListasUITests.swift */,
				DD65F6CC2B6C5042003562B1 /* ListasListasUITestsLaunchTests.swift */,
			);
			path = ListasListasUITests;
			sourceTree = "<group>";
		};
		DDFE05272B759FFC00341B7E /* DexPerros */ = {
			isa = PBXGroup;
			children = (
				DDFE05252B759FF500341B7E /* DexPerros.swift */,
				DDFE05282B75A52A00341B7E /* DetallesPerro.swift */,
			);
			path = DexPerros;
			sourceTree = "<group>";
		};
/* End PBXGroup section */

/* Begin PBXNativeTarget section */
		DD65F6AB2B6C5040003562B1 /* ListasListas */ = {
			isa = PBXNativeTarget;
			buildConfigurationList = DD65F6D02B6C5042003562B1 /* Build configuration list for PBXNativeTarget "ListasListas" */;
			buildPhases = (
				DD65F6A82B6C5040003562B1 /* Sources */,
				DD65F6A92B6C5040003562B1 /* Frameworks */,
				DD65F6AA2B6C5040003562B1 /* Resources */,
			);
			buildRules = (
			);
			dependencies = (
			);
			name = ListasListas;
			productName = ListasListas;
			productReference = DD65F6AC2B6C5040003562B1 /* ListasListas.app */;
			productType = "com.apple.product-type.application";
		};
		DD65F6BB2B6C5042003562B1 /* ListasListasTests */ = {
			isa = PBXNativeTarget;
			buildConfigurationList = DD65F6D32B6C5042003562B1 /* Build configuration list for PBXNativeTarget "ListasListasTests" */;
			buildPhases = (
				DD65F6B82B6C5042003562B1 /* Sources */,
				DD65F6B92B6C5042003562B1 /* Frameworks */,
				DD65F6BA2B6C5042003562B1 /* Resources */,
			);
			buildRules = (
			);
			dependencies = (
				DD65F6BE2B6C5042003562B1 /* PBXTargetDependency */,
			);
			name = ListasListasTests;
			productName = ListasListasTests;
			productReference = DD65F6BC2B6C5042003562B1 /* ListasListasTests.xctest */;
			productType = "com.apple.product-type.bundle.unit-test";
		};
		DD65F6C52B6C5042003562B1 /* ListasListasUITests */ = {
			isa = PBXNativeTarget;
			buildConfigurationList = DD65F6D62B6C5042003562B1 /* Build configuration list for PBXNativeTarget "ListasListasUITests" */;
			buildPhases = (
				DD65F6C22B6C5042003562B1 /* Sources */,
				DD65F6C32B6C5042003562B1 /* Frameworks */,
				DD65F6C42B6C5042003562B1 /* Resources */,
			);
			buildRules = (
			);
			dependencies = (
				DD65F6C82B6C5042003562B1 /* PBXTargetDependency */,
			);
			name = ListasListasUITests;
			productName = ListasListasUITests;
			productReference = DD65F6C62B6C5042003562B1 /* ListasListasUITests.xctest */;
			productType = "com.apple.product-type.bundle.ui-testing";
		};
/* End PBXNativeTarget section */

/* Begin PBXProject section */
		DD65F6A42B6C5040003562B1 /* Project object */ = {
			isa = PBXProject;
			attributes = {
				BuildIndependentTargetsInParallel = 1;
				LastSwiftUpdateCheck = 1430;
				LastUpgradeCheck = 1430;
				TargetAttributes = {
					DD65F6AB2B6C5040003562B1 = {
						CreatedOnToolsVersion = 14.3.1;
					};
					DD65F6BB2B6C5042003562B1 = {
						CreatedOnToolsVersion = 14.3.1;
						TestTargetID = DD65F6AB2B6C5040003562B1;
					};
					DD65F6C52B6C5042003562B1 = {
						CreatedOnToolsVersion = 14.3.1;
						TestTargetID = DD65F6AB2B6C5040003562B1;
					};
				};
			};
			buildConfigurationList = DD65F6A72B6C5040003562B1 /* Build configuration list for PBXProject "ListasListas" */;
			compatibilityVersion = "Xcode 14.0";
			developmentRegion = en;
			hasScannedForEncodings = 0;
			knownRegions = (
				en,
				Base,
			);
			mainGroup = DD65F6A32B6C5040003562B1;
			productRefGroup = DD65F6AD2B6C5040003562B1 /* Products */;
			projectDirPath = "";
			projectRoot = "";
			targets = (
				DD65F6AB2B6C5040003562B1 /* ListasListas */,
				DD65F6BB2B6C5042003562B1 /* ListasListasTests */,
				DD65F6C52B6C5042003562B1 /* ListasListasUITests */,
			);
		};
/* End PBXProject section */

/* Begin PBXResourcesBuildPhase section */
		DD65F6AA2B6C5040003562B1 /* Resources */ = {
			isa = PBXResourcesBuildPhase;
			buildActionMask = 2147483647;
			files = (
				DD65F6B72B6C5042003562B1 /* Preview Assets.xcassets in Resources */,
				DD65F6B42B6C5042003562B1 /* Assets.xcassets in Resources */,
			);
			runOnlyForDeploymentPostprocessing = 0;
		};
		DD65F6BA2B6C5042003562B1 /* Resources */ = {
			isa = PBXResourcesBuildPhase;
			buildActionMask = 2147483647;
			files = (
			);
			runOnlyForDeploymentPostprocessing = 0;
		};
		DD65F6C42B6C5042003562B1 /* Resources */ = {
			isa = PBXResourcesBuildPhase;
			buildActionMask = 2147483647;
			files = (
			);
			runOnlyForDeploymentPostprocessing = 0;
		};
/* End PBXResourcesBuildPhase section */

/* Begin PBXSourcesBuildPhase section */
		DD65F6A82B6C5040003562B1 /* Sources */ = {
			isa = PBXSourcesBuildPhase;
			buildActionMask = 2147483647;
			files = (
				A4AC8B0E2B75F0890088E513 /* DietView.swift in Sources */,
				DDFE05292B75A52A00341B7E /* DetallesPerro.swift in Sources */,
				DD65F6B22B6C5040003562B1 /* ContentView.swift in Sources */,
				DD65F6B02B6C5040003562B1 /* ListasListasApp.swift in Sources */,
				DDFE05262B759FF500341B7E /* DexPerros.swift in Sources */,
				A4AC8B102B75F1270088E513 /* DietDex.swift in Sources */,
			);
			runOnlyForDeploymentPostprocessing = 0;
		};
		DD65F6B82B6C5042003562B1 /* Sources */ = {
			isa = PBXSourcesBuildPhase;
			buildActionMask = 2147483647;
			files = (
				DD65F6C12B6C5042003562B1 /* ListasListasTests.swift in Sources */,
			);
			runOnlyForDeploymentPostprocessing = 0;
		};
		DD65F6C22B6C5042003562B1 /* Sources */ = {
			isa = PBXSourcesBuildPhase;
			buildActionMask = 2147483647;
			files = (
				DD65F6CD2B6C5042003562B1 /* ListasListasUITestsLaunchTests.swift in Sources */,
				DD65F6CB2B6C5042003562B1 /* ListasListasUITests.swift in Sources */,
			);
			runOnlyForDeploymentPostprocessing = 0;
		};
/* End PBXSourcesBuildPhase section */

/* Begin PBXTargetDependency section */
		DD65F6BE2B6C5042003562B1 /* PBXTargetDependency */ = {
			isa = PBXTargetDependency;
			target = DD65F6AB2B6C5040003562B1 /* ListasListas */;
			targetProxy = DD65F6BD2B6C5042003562B1 /* PBXContainerItemProxy */;
		};
		DD65F6C82B6C5042003562B1 /* PBXTargetDependency */ = {
			isa = PBXTargetDependency;
			target = DD65F6AB2B6C5040003562B1 /* ListasListas */;
			targetProxy = DD65F6C72B6C5042003562B1 /* PBXContainerItemProxy */;
		};
/* End PBXTargetDependency section */

/* Begin XCBuildConfiguration section */
		DD65F6CE2B6C5042003562B1 /* Debug */ = {
			isa = XCBuildConfiguration;
			buildSettings = {
				ALWAYS_SEARCH_USER_PATHS = NO;
				CLANG_ANALYZER_NONNULL = YES;
				CLANG_ANALYZER_NUMBER_OBJECT_CONVERSION = YES_AGGRESSIVE;
				CLANG_CXX_LANGUAGE_STANDARD = "gnu++20";
				CLANG_ENABLE_MODULES = YES;
				CLANG_ENABLE_OBJC_ARC = YES;
				CLANG_ENABLE_OBJC_WEAK = YES;
				CLANG_WARN_BLOCK_CAPTURE_AUTORELEASING = YES;
				CLANG_WARN_BOOL_CONVERSION = YES;
				CLANG_WARN_COMMA = YES;
				CLANG_WARN_CONSTANT_CONVERSION = YES;
				CLANG_WARN_DEPRECATED_OBJC_IMPLEMENTATIONS = YES;
				CLANG_WARN_DIRECT_OBJC_ISA_USAGE = YES_ERROR;
				CLANG_WARN_DOCUMENTATION_COMMENTS = YES;
				CLANG_WARN_EMPTY_BODY = YES;
				CLANG_WARN_ENUM_CONVERSION = YES;
				CLANG_WARN_INFINITE_RECURSION = YES;
				CLANG_WARN_INT_CONVERSION = YES;
				CLANG_WARN_NON_LITERAL_NULL_CONVERSION = YES;
				CLANG_WARN_OBJC_IMPLICIT_RETAIN_SELF = YES;
				CLANG_WARN_OBJC_LITERAL_CONVERSION = YES;
				CLANG_WARN_OBJC_ROOT_CLASS = YES_ERROR;
				CLANG_WARN_QUOTED_INCLUDE_IN_FRAMEWORK_HEADER = YES;
				CLANG_WARN_RANGE_LOOP_ANALYSIS = YES;
				CLANG_WARN_STRICT_PROTOTYPES = YES;
				CLANG_WARN_SUSPICIOUS_MOVE = YES;
				CLANG_WARN_UNGUARDED_AVAILABILITY = YES_AGGRESSIVE;
				CLANG_WARN_UNREACHABLE_CODE = YES;
				CLANG_WARN__DUPLICATE_METHOD_MATCH = YES;
				COPY_PHASE_STRIP = NO;
				DEBUG_INFORMATION_FORMAT = dwarf;
				ENABLE_STRICT_OBJC_MSGSEND = YES;
				ENABLE_TESTABILITY = YES;
				GCC_C_LANGUAGE_STANDARD = gnu11;
				GCC_DYNAMIC_NO_PIC = NO;
				GCC_NO_COMMON_BLOCKS = YES;
				GCC_OPTIMIZATION_LEVEL = 0;
				GCC_PREPROCESSOR_DEFINITIONS = (
					"DEBUG=1",
					"$(inherited)",
				);
				GCC_WARN_64_TO_32_BIT_CONVERSION = YES;
				GCC_WARN_ABOUT_RETURN_TYPE = YES_ERROR;
				GCC_WARN_UNDECLARED_SELECTOR = YES;
				GCC_WARN_UNINITIALIZED_AUTOS = YES_AGGRESSIVE;
				GCC_WARN_UNUSED_FUNCTION = YES;
				GCC_WARN_UNUSED_VARIABLE = YES;
				IPHONEOS_DEPLOYMENT_TARGET = 16.4;
				MTL_ENABLE_DEBUG_INFO = INCLUDE_SOURCE;
				MTL_FAST_MATH = YES;
				ONLY_ACTIVE_ARCH = YES;
				SDKROOT = iphoneos;
				SWIFT_ACTIVE_COMPILATION_CONDITIONS = DEBUG;
				SWIFT_OPTIMIZATION_LEVEL = "-Onone";
			};
			name = Debug;
		};
		DD65F6CF2B6C5042003562B1 /* Release */ = {
			isa = XCBuildConfiguration;
			buildSettings = {
				ALWAYS_SEARCH_USER_PATHS = NO;
				CLANG_ANALYZER_NONNULL = YES;
				CLANG_ANALYZER_NUMBER_OBJECT_CONVERSION = YES_AGGRESSIVE;
				CLANG_CXX_LANGUAGE_STANDARD = "gnu++20";
				CLANG_ENABLE_MODULES = YES;
				CLANG_ENABLE_OBJC_ARC = YES;
				CLANG_ENABLE_OBJC_WEAK = YES;
				CLANG_WARN_BLOCK_CAPTURE_AUTORELEASING = YES;
				CLANG_WARN_BOOL_CONVERSION = YES;
				CLANG_WARN_COMMA = YES;
				CLANG_WARN_CONSTANT_CONVERSION = YES;
				CLANG_WARN_DEPRECATED_OBJC_IMPLEMENTATIONS = YES;
				CLANG_WARN_DIRECT_OBJC_ISA_USAGE = YES_ERROR;
				CLANG_WARN_DOCUMENTATION_COMMENTS = YES;
				CLANG_WARN_EMPTY_BODY = YES;
				CLANG_WARN_ENUM_CONVERSION = YES;
				CLANG_WARN_INFINITE_RECURSION = YES;
				CLANG_WARN_INT_CONVERSION = YES;
				CLANG_WARN_NON_LITERAL_NULL_CONVERSION = YES;
				CLANG_WARN_OBJC_IMPLICIT_RETAIN_SELF = YES;
				CLANG_WARN_OBJC_LITERAL_CONVERSION = YES;
				CLANG_WARN_OBJC_ROOT_CLASS = YES_ERROR;
				CLANG_WARN_QUOTED_INCLUDE_IN_FRAMEWORK_HEADER = YES;
				CLANG_WARN_RANGE_LOOP_ANALYSIS = YES;
				CLANG_WARN_STRICT_PROTOTYPES = YES;
				CLANG_WARN_SUSPICIOUS_MOVE = YES;
				CLANG_WARN_UNGUARDED_AVAILABILITY = YES_AGGRESSIVE;
				CLANG_WARN_UNREACHABLE_CODE = YES;
				CLANG_WARN__DUPLICATE_METHOD_MATCH = YES;
				COPY_PHASE_STRIP = NO;
				DEBUG_INFORMATION_FORMAT = "dwarf-with-dsym";
				ENABLE_NS_ASSERTIONS = NO;
				ENABLE_STRICT_OBJC_MSGSEND = YES;
				GCC_C_LANGUAGE_STANDARD = gnu11;
				GCC_NO_COMMON_BLOCKS = YES;
				GCC_WARN_64_TO_32_BIT_CONVERSION = YES;
				GCC_WARN_ABOUT_RETURN_TYPE = YES_ERROR;
				GCC_WARN_UNDECLARED_SELECTOR = YES;
				GCC_WARN_UNINITIALIZED_AUTOS = YES_AGGRESSIVE;
				GCC_WARN_UNUSED_FUNCTION = YES;
				GCC_WARN_UNUSED_VARIABLE = YES;
				IPHONEOS_DEPLOYMENT_TARGET = 16.4;
				MTL_ENABLE_DEBUG_INFO = NO;
				MTL_FAST_MATH = YES;
				SDKROOT = iphoneos;
				SWIFT_COMPILATION_MODE = wholemodule;
				SWIFT_OPTIMIZATION_LEVEL = "-O";
				VALIDATE_PRODUCT = YES;
			};
			name = Release;
		};
		DD65F6D12B6C5042003562B1 /* Debug */ = {
			isa = XCBuildConfiguration;
			buildSettings = {
				ASSETCATALOG_COMPILER_APPICON_NAME = AppIcon;
				ASSETCATALOG_COMPILER_GLOBAL_ACCENT_COLOR_NAME = AccentColor;
				CODE_SIGN_STYLE = Automatic;
				CURRENT_PROJECT_VERSION = 1;
				DEVELOPMENT_ASSET_PATHS = "\"ListasListas/Preview Content\"";
				DEVELOPMENT_TEAM = 7J77M7XTN8;
				ENABLE_PREVIEWS = YES;
				GENERATE_INFOPLIST_FILE = YES;
				INFOPLIST_KEY_UIApplicationSceneManifest_Generation = YES;
				INFOPLIST_KEY_UIApplicationSupportsIndirectInputEvents = YES;
				INFOPLIST_KEY_UILaunchScreen_Generation = YES;
				INFOPLIST_KEY_UISupportedInterfaceOrientations_iPad = "UIInterfaceOrientationPortrait UIInterfaceOrientationPortraitUpsideDown UIInterfaceOrientationLandscapeLeft UIInterfaceOrientationLandscapeRight";
				INFOPLIST_KEY_UISupportedInterfaceOrientations_iPhone = "UIInterfaceOrientationPortrait UIInterfaceOrientationLandscapeLeft UIInterfaceOrientationLandscapeRight";
				LD_RUNPATH_SEARCH_PATHS = (
					"$(inherited)",
					"@executable_path/Frameworks",
				);
				MARKETING_VERSION = 1.0;
				PRODUCT_BUNDLE_IDENTIFIER = "-upah.ListasListas";
				PRODUCT_NAME = "$(TARGET_NAME)";
				SWIFT_EMIT_LOC_STRINGS = YES;
				SWIFT_VERSION = 5.0;
				TARGETED_DEVICE_FAMILY = "1,2";
			};
			name = Debug;
		};
		DD65F6D22B6C5042003562B1 /* Release */ = {
			isa = XCBuildConfiguration;
			buildSettings = {
				ASSETCATALOG_COMPILER_APPICON_NAME = AppIcon;
				ASSETCATALOG_COMPILER_GLOBAL_ACCENT_COLOR_NAME = AccentColor;
				CODE_SIGN_STYLE = Automatic;
				CURRENT_PROJECT_VERSION = 1;
				DEVELOPMENT_ASSET_PATHS = "\"ListasListas/Preview Content\"";
				DEVELOPMENT_TEAM = 7J77M7XTN8;
				ENABLE_PREVIEWS = YES;
				GENERATE_INFOPLIST_FILE = YES;
				INFOPLIST_KEY_UIApplicationSceneManifest_Generation = YES;
				INFOPLIST_KEY_UIApplicationSupportsIndirectInputEvents = YES;
				INFOPLIST_KEY_UILaunchScreen_Generation = YES;
				INFOPLIST_KEY_UISupportedInterfaceOrientations_iPad = "UIInterfaceOrientationPortrait UIInterfaceOrientationPortraitUpsideDown UIInterfaceOrientationLandscapeLeft UIInterfaceOrientationLandscapeRight";
				INFOPLIST_KEY_UISupportedInterfaceOrientations_iPhone = "UIInterfaceOrientationPortrait UIInterfaceOrientationLandscapeLeft UIInterfaceOrientationLandscapeRight";
				LD_RUNPATH_SEARCH_PATHS = (
					"$(inherited)",
					"@executable_path/Frameworks",
				);
				MARKETING_VERSION = 1.0;
				PRODUCT_BUNDLE_IDENTIFIER = "-upah.ListasListas";
				PRODUCT_NAME = "$(TARGET_NAME)";
				SWIFT_EMIT_LOC_STRINGS = YES;
				SWIFT_VERSION = 5.0;
				TARGETED_DEVICE_FAMILY = "1,2";
			};
			name = Release;
		};
		DD65F6D42B6C5042003562B1 /* Debug */ = {
			isa = XCBuildConfiguration;
			buildSettings = {
				ALWAYS_EMBED_SWIFT_STANDARD_LIBRARIES = YES;
				BUNDLE_LOADER = "$(TEST_HOST)";
				CODE_SIGN_STYLE = Automatic;
				CURRENT_PROJECT_VERSION = 1;
				DEVELOPMENT_TEAM = 7J77M7XTN8;
				GENERATE_INFOPLIST_FILE = YES;
				IPHONEOS_DEPLOYMENT_TARGET = 16.4;
				MARKETING_VERSION = 1.0;
				PRODUCT_BUNDLE_IDENTIFIER = "-upah.ListasListasTests";
				PRODUCT_NAME = "$(TARGET_NAME)";
				SWIFT_EMIT_LOC_STRINGS = NO;
				SWIFT_VERSION = 5.0;
				TARGETED_DEVICE_FAMILY = "1,2";
				TEST_HOST = "$(BUILT_PRODUCTS_DIR)/ListasListas.app/$(BUNDLE_EXECUTABLE_FOLDER_PATH)/ListasListas";
			};
			name = Debug;
		};
		DD65F6D52B6C5042003562B1 /* Release */ = {
			isa = XCBuildConfiguration;
			buildSettings = {
				ALWAYS_EMBED_SWIFT_STANDARD_LIBRARIES = YES;
				BUNDLE_LOADER = "$(TEST_HOST)";
				CODE_SIGN_STYLE = Automatic;
				CURRENT_PROJECT_VERSION = 1;
				DEVELOPMENT_TEAM = 7J77M7XTN8;
				GENERATE_INFOPLIST_FILE = YES;
				IPHONEOS_DEPLOYMENT_TARGET = 16.4;
				MARKETING_VERSION = 1.0;
				PRODUCT_BUNDLE_IDENTIFIER = "-upah.ListasListasTests";
				PRODUCT_NAME = "$(TARGET_NAME)";
				SWIFT_EMIT_LOC_STRINGS = NO;
				SWIFT_VERSION = 5.0;
				TARGETED_DEVICE_FAMILY = "1,2";
				TEST_HOST = "$(BUILT_PRODUCTS_DIR)/ListasListas.app/$(BUNDLE_EXECUTABLE_FOLDER_PATH)/ListasListas";
			};
			name = Release;
		};
		DD65F6D72B6C5042003562B1 /* Debug */ = {
			isa = XCBuildConfiguration;
			buildSettings = {
				ALWAYS_EMBED_SWIFT_STANDARD_LIBRARIES = YES;
				CODE_SIGN_STYLE = Automatic;
				CURRENT_PROJECT_VERSION = 1;
				DEVELOPMENT_TEAM = 7J77M7XTN8;
				GENERATE_INFOPLIST_FILE = YES;
				MARKETING_VERSION = 1.0;
				PRODUCT_BUNDLE_IDENTIFIER = "-upah.ListasListasUITests";
				PRODUCT_NAME = "$(TARGET_NAME)";
				SWIFT_EMIT_LOC_STRINGS = NO;
				SWIFT_VERSION = 5.0;
				TARGETED_DEVICE_FAMILY = "1,2";
				TEST_TARGET_NAME = ListasListas;
			};
			name = Debug;
		};
		DD65F6D82B6C5042003562B1 /* Release */ = {
			isa = XCBuildConfiguration;
			buildSettings = {
				ALWAYS_EMBED_SWIFT_STANDARD_LIBRARIES = YES;
				CODE_SIGN_STYLE = Automatic;
				CURRENT_PROJECT_VERSION = 1;
				DEVELOPMENT_TEAM = 7J77M7XTN8;
				GENERATE_INFOPLIST_FILE = YES;
				MARKETING_VERSION = 1.0;
				PRODUCT_BUNDLE_IDENTIFIER = "-upah.ListasListasUITests";
				PRODUCT_NAME = "$(TARGET_NAME)";
				SWIFT_EMIT_LOC_STRINGS = NO;
				SWIFT_VERSION = 5.0;
				TARGETED_DEVICE_FAMILY = "1,2";
				TEST_TARGET_NAME = ListasListas;
			};
			name = Release;
		};
/* End XCBuildConfiguration section */

/* Begin XCConfigurationList section */
		DD65F6A72B6C5040003562B1 /* Build configuration list for PBXProject "ListasListas" */ = {
			isa = XCConfigurationList;
			buildConfigurations = (
				DD65F6CE2B6C5042003562B1 /* Debug */,
				DD65F6CF2B6C5042003562B1 /* Release */,
			);
			defaultConfigurationIsVisible = 0;
			defaultConfigurationName = Release;
		};
		DD65F6D02B6C5042003562B1 /* Build configuration list for PBXNativeTarget "ListasListas" */ = {
			isa = XCConfigurationList;
			buildConfigurations = (
				DD65F6D12B6C5042003562B1 /* Debug */,
				DD65F6D22B6C5042003562B1 /* Release */,
			);
			defaultConfigurationIsVisible = 0;
			defaultConfigurationName = Release;
		};
		DD65F6D32B6C5042003562B1 /* Build configuration list for PBXNativeTarget "ListasListasTests" */ = {
			isa = XCConfigurationList;
			buildConfigurations = (
				DD65F6D42B6C5042003562B1 /* Debug */,
				DD65F6D52B6C5042003562B1 /* Release */,
			);
			defaultConfigurationIsVisible = 0;
			defaultConfigurationName = Release;
		};
		DD65F6D62B6C5042003562B1 /* Build configuration list for PBXNativeTarget "ListasListasUITests" */ = {
			isa = XCConfigurationList;
			buildConfigurations = (
				DD65F6D72B6C5042003562B1 /* Debug */,
				DD65F6D82B6C5042003562B1 /* Release */,
			);
			defaultConfigurationIsVisible = 0;
			defaultConfigurationName = Release;
		};
/* End XCConfigurationList section */
	};
	rootObject = DD65F6A42B6C5040003562B1 /* Project object */;
}
